
Microsoft Visual Studio Solution File, Format Version 12.00
# Visual Studio Version 16
VisualStudioVersion = 16.0.28803.202
MinimumVisualStudioVersion = 10.0.40219.1
Project("{9A19103F-16F7-4668-BE54-9A1E7A4F7556}") = "EventTracker.Web", "EventTracker.Web\EventTracker.Web.csproj", "{67B952CB-BCD5-4A72-A5BF-88C0F4816BA0}"
EndProject
Project("{9A19103F-16F7-4668-BE54-9A1E7A4F7556}") = "EventTracker.DAL", "EventTracker.DAL\EventTracker.DAL.csproj", "{58B23F0B-64CA-45C6-B591-9D65B99818AA}"
EndProject
Project("{9A19103F-16F7-4668-BE54-9A1E7A4F7556}") = "EventTracker.Models", "EventTracker.Models\EventTracker.Models.csproj", "{0069A130-382B-4D4E-A36F-D3237D712F91}"
EndProject
Project("{9A19103F-16F7-4668-BE54-9A1E7A4F7556}") = "EventTracker.Services", "EventTracker.Services\EventTracker.Services.csproj", "{0177DC16-FACC-4E79-A198-2ACF9C733057}"
EndProject
Global
	GlobalSection(SolutionConfigurationPlatforms) = preSolution
		Debug|Any CPU = Debug|Any CPU
		Release|Any CPU = Release|Any CPU
	EndGlobalSection
	GlobalSection(ProjectConfigurationPlatforms) = postSolution
		{67B952CB-BCD5-4A72-A5BF-88C0F4816BA0}.Debug|Any CPU.ActiveCfg = Debug|Any CPU
		{67B952CB-BCD5-4A72-A5BF-88C0F4816BA0}.Debug|Any CPU.Build.0 = Debug|Any CPU
		{67B952CB-BCD5-4A72-A5BF-88C0F4816BA0}.Release|Any CPU.ActiveCfg = Release|Any CPU
		{67B952CB-BCD5-4A72-A5BF-88C0F4816BA0}.Release|Any CPU.Build.0 = Release|Any CPU
		{58B23F0B-64CA-45C6-B591-9D65B99818AA}.Debug|Any CPU.ActiveCfg = Debug|Any CPU
		{58B23F0B-64CA-45C6-B591-9D65B99818AA}.Debug|Any CPU.Build.0 = Debug|Any CPU
		{58B23F0B-64CA-45C6-B591-9D65B99818AA}.Release|Any CPU.ActiveCfg = Release|Any CPU
		{58B23F0B-64CA-45C6-B591-9D65B99818AA}.Release|Any CPU.Build.0 = Release|Any CPU
		{0069A130-382B-4D4E-A36F-D3237D712F91}.Debug|Any CPU.ActiveCfg = Debug|Any CPU
		{0069A130-382B-4D4E-A36F-D3237D712F91}.Debug|Any CPU.Build.0 = Debug|Any CPU
		{0069A130-382B-4D4E-A36F-D3237D712F91}.Release|Any CPU.ActiveCfg = Release|Any CPU
		{0069A130-382B-4D4E-A36F-D3237D712F91}.Release|Any CPU.Build.0 = Release|Any CPU
		{0177DC16-FACC-4E79-A198-2ACF9C733057}.Debug|Any CPU.ActiveCfg = Debug|Any CPU
		{0177DC16-FACC-4E79-A198-2ACF9C733057}.Debug|Any CPU.Build.0 = Debug|Any CPU
		{0177DC16-FACC-4E79-A198-2ACF9C733057}.Release|Any CPU.ActiveCfg = Release|Any CPU
		{0177DC16-FACC-4E79-A198-2ACF9C733057}.Release|Any CPU.Build.0 = Release|Any CPU
	EndGlobalSection
	GlobalSection(SolutionProperties) = preSolution
		HideSolutionNode = FALSE
	EndGlobalSection
	GlobalSection(ExtensibilityGlobals) = postSolution
		SolutionGuid = {F7D1F527-E6C5-494F-A777-DEDA83421F36}
	EndGlobalSection
EndGlobal
